
Microsoft Visual Studio Solution File, Format Version 12.00
# Visual Studio Version 17
VisualStudioVersion = 17.8.34525.116
MinimumVisualStudioVersion = 10.0.40219.1
Project("{FAE04EC0-301F-11D3-BF4B-00C04F79EFBC}") = "UAC Fast Access", "UAC Fast Access.csproj", "{A28B3F28-8C99-46B0-B90F-388EF59BEB0D}"
EndProject
Global
	GlobalSection(SolutionConfigurationPlatforms) = preSolution
		Debug|Any CPU = Debug|Any CPU
		Release|Any CPU = Release|Any CPU
	EndGlobalSection
	GlobalSection(ProjectConfigurationPlatforms) = postSolution
		{A28B3F28-8C99-46B0-B90F-388EF59BEB0D}.Debug|Any CPU.ActiveCfg = Debug|Any CPU
		{A28B3F28-8C99-46B0-B90F-388EF59BEB0D}.Debug|Any CPU.Build.0 = Debug|Any CPU
		{A28B3F28-8C99-46B0-B90F-388EF59BEB0D}.Release|Any CPU.ActiveCfg = Release|Any CPU
		{A28B3F28-8C99-46B0-B90F-388EF59BEB0D}.Release|Any CPU.Build.0 = Release|Any CPU
	EndGlobalSection
	GlobalSection(SolutionProperties) = preSolution
		HideSolutionNode = FALSE
	EndGlobalSection
	GlobalSection(ExtensibilityGlobals) = postSolution
		SolutionGuid = {65B86915-6991-4B13-A023-B35A91A6A780}
	EndGlobalSection
EndGlobal
